
Microsoft Visual Studio Solution File, Format Version 12.00
# Visual Studio Version 17
VisualStudioVersion = 17.2.32616.157
MinimumVisualStudioVersion = 10.0.40219.1
Project("{2150E333-8FDC-42A3-9474-1A3956D46DE8}") = "src", "src", "{54DACC41-52DB-4327-BDE8-4F13EA2FEC40}"
EndProject
Project("{2150E333-8FDC-42A3-9474-1A3956D46DE8}") = "services", "services", "{BA413663-3D6E-45CF-B85A-B1B6E9D46FEB}"
EndProject
Project("{9A19103F-16F7-4668-BE54-9A1E7A4F7556}") = "ImageCreator", "ImageCreator\ImageCreator.csproj", "{320BACF8-C65C-409E-8E8A-C8ED7BA5FB91}"
EndProject
Project("{9A19103F-16F7-4668-BE54-9A1E7A4F7556}") = "CodeAssistant", "CodeAssistant\CodeAssistant.csproj", "{A55985B9-9994-43BB-A2A3-00BB099ABA24}"
EndProject
Project("{9A19103F-16F7-4668-BE54-9A1E7A4F7556}") = "CodeAssistant.UnitTests", "CodeAssistant.UnitTests\CodeAssistant.UnitTests.csproj", "{BD0EE03D-B284-4713-A63E-3BEB32AC95B4}"
EndProject
Project("{2150E333-8FDC-42A3-9474-1A3956D46DE8}") = "libs", "libs", "{9E380D9A-2E74-4307-8EAC-C81158C72EC4}"
EndProject
Project("{9A19103F-16F7-4668-BE54-9A1E7A4F7556}") = "Core", "Core\Core.csproj", "{6C4295C6-4A33-483C-8A90-D9FC0062B1E6}"
EndProject
Project("{9A19103F-16F7-4668-BE54-9A1E7A4F7556}") = "CodeJam", "CodeJam\CodeJam.csproj", "{634C2B3F-0041-4E9B-A092-FAAF4ED3F0AE}"
EndProject
Project("{9A19103F-16F7-4668-BE54-9A1E7A4F7556}") = "Data", "Data\Data.csproj", "{A291962D-58D7-454D-83D2-ABBBAA579117}"
EndProject
Project("{2150E333-8FDC-42A3-9474-1A3956D46DE8}") = "web", "web", "{8D953CC2-FF5D-4A1E-9F6A-A7A30A24BDBE}"
EndProject
Project("{9A19103F-16F7-4668-BE54-9A1E7A4F7556}") = "Api", "Api\Api.csproj", "{AE0C7409-2ED8-4772-B13E-1A8BEB169F62}"
EndProject
Project("{2150E333-8FDC-42A3-9474-1A3956D46DE8}") = "solution", "solution", "{E913D27A-B035-46AE-BEB1-3939AB89B1BB}"
EndProject
Project("{9A19103F-16F7-4668-BE54-9A1E7A4F7556}") = "Infrastructure", "Infrastructure\Infrastructure.csproj", "{060D3F40-597A-446D-A3E9-258A3F85E0A6}"
EndProject
Project("{2150E333-8FDC-42A3-9474-1A3956D46DE8}") = "compose", "compose", "{41C06E88-F50B-4147-95B5-3CD08507F580}"
	ProjectSection(SolutionItems) = preProject
		docker-compose-api.yml = docker-compose-api.yml
		docker-compose-db.yml = docker-compose-db.yml
	EndProjectSection
EndProject
Project("{2150E333-8FDC-42A3-9474-1A3956D46DE8}") = "deployment", "deployment", "{A0DEDB41-A6B4-488D-BE7B-6C597BD9F4C7}"
	ProjectSection(SolutionItems) = preProject
		.env = .env
		package.ps1 = package.ps1
		reset-database.ps1 = reset-database.ps1
		SetPsEnv.ps1 = SetPsEnv.ps1
	EndProjectSection
EndProject
Project("{9A19103F-16F7-4668-BE54-9A1E7A4F7556}") = "Dashboard", "Dashboard\Dashboard.csproj", "{596340A2-D245-420C-97D4-9808CDAD40B1}"
EndProject
Project("{2150E333-8FDC-42A3-9474-1A3956D46DE8}") = "tests", "tests", "{D28842D1-3DCB-4D69-BABF-E40BD094FA1E}"
EndProject
Project("{FAE04EC0-301F-11D3-BF4B-00C04F79EFBC}") = "ChallengeAssistant", "ChallengeAssistant\ChallengeAssistant.csproj", "{CA01C13D-23DD-4FE4-B4C2-A853EA33B6E3}"
EndProject
Project("{FAE04EC0-301F-11D3-BF4B-00C04F79EFBC}") = "ChallengeAssistant.Tests", "ChallengeAssistant.Tests\ChallengeAssistant.Tests.csproj", "{DC13BA59-3895-4EBD-AAB3-1A1B6FA34C76}"
EndProject
Global
	GlobalSection(SolutionConfigurationPlatforms) = preSolution
		Debug|Any CPU = Debug|Any CPU
		Release|Any CPU = Release|Any CPU
	EndGlobalSection
	GlobalSection(ProjectConfigurationPlatforms) = postSolution
		{320BACF8-C65C-409E-8E8A-C8ED7BA5FB91}.Debug|Any CPU.ActiveCfg = Debug|Any CPU
		{320BACF8-C65C-409E-8E8A-C8ED7BA5FB91}.Debug|Any CPU.Build.0 = Debug|Any CPU
		{320BACF8-C65C-409E-8E8A-C8ED7BA5FB91}.Release|Any CPU.ActiveCfg = Release|Any CPU
		{320BACF8-C65C-409E-8E8A-C8ED7BA5FB91}.Release|Any CPU.Build.0 = Release|Any CPU
		{A55985B9-9994-43BB-A2A3-00BB099ABA24}.Debug|Any CPU.ActiveCfg = Debug|Any CPU
		{A55985B9-9994-43BB-A2A3-00BB099ABA24}.Debug|Any CPU.Build.0 = Debug|Any CPU
		{A55985B9-9994-43BB-A2A3-00BB099ABA24}.Release|Any CPU.ActiveCfg = Release|Any CPU
		{A55985B9-9994-43BB-A2A3-00BB099ABA24}.Release|Any CPU.Build.0 = Release|Any CPU
		{BD0EE03D-B284-4713-A63E-3BEB32AC95B4}.Debug|Any CPU.ActiveCfg = Debug|Any CPU
		{BD0EE03D-B284-4713-A63E-3BEB32AC95B4}.Debug|Any CPU.Build.0 = Debug|Any CPU
		{BD0EE03D-B284-4713-A63E-3BEB32AC95B4}.Release|Any CPU.ActiveCfg = Release|Any CPU
		{BD0EE03D-B284-4713-A63E-3BEB32AC95B4}.Release|Any CPU.Build.0 = Release|Any CPU
		{6C4295C6-4A33-483C-8A90-D9FC0062B1E6}.Debug|Any CPU.ActiveCfg = Debug|Any CPU
		{6C4295C6-4A33-483C-8A90-D9FC0062B1E6}.Debug|Any CPU.Build.0 = Debug|Any CPU
		{6C4295C6-4A33-483C-8A90-D9FC0062B1E6}.Release|Any CPU.ActiveCfg = Release|Any CPU
		{6C4295C6-4A33-483C-8A90-D9FC0062B1E6}.Release|Any CPU.Build.0 = Release|Any CPU
		{634C2B3F-0041-4E9B-A092-FAAF4ED3F0AE}.Debug|Any CPU.ActiveCfg = Debug|Any CPU
		{634C2B3F-0041-4E9B-A092-FAAF4ED3F0AE}.Debug|Any CPU.Build.0 = Debug|Any CPU
		{634C2B3F-0041-4E9B-A092-FAAF4ED3F0AE}.Release|Any CPU.ActiveCfg = Release|Any CPU
		{634C2B3F-0041-4E9B-A092-FAAF4ED3F0AE}.Release|Any CPU.Build.0 = Release|Any CPU
		{A291962D-58D7-454D-83D2-ABBBAA579117}.Debug|Any CPU.ActiveCfg = Debug|Any CPU
		{A291962D-58D7-454D-83D2-ABBBAA579117}.Debug|Any CPU.Build.0 = Debug|Any CPU
		{A291962D-58D7-454D-83D2-ABBBAA579117}.Release|Any CPU.ActiveCfg = Release|Any CPU
		{A291962D-58D7-454D-83D2-ABBBAA579117}.Release|Any CPU.Build.0 = Release|Any CPU
		{AE0C7409-2ED8-4772-B13E-1A8BEB169F62}.Debug|Any CPU.ActiveCfg = Debug|Any CPU
		{AE0C7409-2ED8-4772-B13E-1A8BEB169F62}.Debug|Any CPU.Build.0 = Debug|Any CPU
		{AE0C7409-2ED8-4772-B13E-1A8BEB169F62}.Release|Any CPU.ActiveCfg = Release|Any CPU
		{AE0C7409-2ED8-4772-B13E-1A8BEB169F62}.Release|Any CPU.Build.0 = Release|Any CPU
		{060D3F40-597A-446D-A3E9-258A3F85E0A6}.Debug|Any CPU.ActiveCfg = Debug|Any CPU
		{060D3F40-597A-446D-A3E9-258A3F85E0A6}.Debug|Any CPU.Build.0 = Debug|Any CPU
		{060D3F40-597A-446D-A3E9-258A3F85E0A6}.Release|Any CPU.ActiveCfg = Release|Any CPU
		{060D3F40-597A-446D-A3E9-258A3F85E0A6}.Release|Any CPU.Build.0 = Release|Any CPU
		{596340A2-D245-420C-97D4-9808CDAD40B1}.Debug|Any CPU.ActiveCfg = Debug|Any CPU
		{596340A2-D245-420C-97D4-9808CDAD40B1}.Debug|Any CPU.Build.0 = Debug|Any CPU
		{596340A2-D245-420C-97D4-9808CDAD40B1}.Release|Any CPU.ActiveCfg = Release|Any CPU
		{596340A2-D245-420C-97D4-9808CDAD40B1}.Release|Any CPU.Build.0 = Release|Any CPU
		{CA01C13D-23DD-4FE4-B4C2-A853EA33B6E3}.Debug|Any CPU.ActiveCfg = Debug|Any CPU
		{CA01C13D-23DD-4FE4-B4C2-A853EA33B6E3}.Debug|Any CPU.Build.0 = Debug|Any CPU
		{CA01C13D-23DD-4FE4-B4C2-A853EA33B6E3}.Release|Any CPU.ActiveCfg = Release|Any CPU
		{CA01C13D-23DD-4FE4-B4C2-A853EA33B6E3}.Release|Any CPU.Build.0 = Release|Any CPU
		{DC13BA59-3895-4EBD-AAB3-1A1B6FA34C76}.Debug|Any CPU.ActiveCfg = Debug|Any CPU
		{DC13BA59-3895-4EBD-AAB3-1A1B6FA34C76}.Debug|Any CPU.Build.0 = Debug|Any CPU
		{DC13BA59-3895-4EBD-AAB3-1A1B6FA34C76}.Release|Any CPU.ActiveCfg = Release|Any CPU
		{DC13BA59-3895-4EBD-AAB3-1A1B6FA34C76}.Release|Any CPU.Build.0 = Release|Any CPU
	EndGlobalSection
	GlobalSection(SolutionProperties) = preSolution
		HideSolutionNode = FALSE
	EndGlobalSection
	GlobalSection(NestedProjects) = preSolution
		{BA413663-3D6E-45CF-B85A-B1B6E9D46FEB} = {54DACC41-52DB-4327-BDE8-4F13EA2FEC40}
		{320BACF8-C65C-409E-8E8A-C8ED7BA5FB91} = {BA413663-3D6E-45CF-B85A-B1B6E9D46FEB}
		{A55985B9-9994-43BB-A2A3-00BB099ABA24} = {BA413663-3D6E-45CF-B85A-B1B6E9D46FEB}
		{BD0EE03D-B284-4713-A63E-3BEB32AC95B4} = {D28842D1-3DCB-4D69-BABF-E40BD094FA1E}
		{9E380D9A-2E74-4307-8EAC-C81158C72EC4} = {54DACC41-52DB-4327-BDE8-4F13EA2FEC40}
		{6C4295C6-4A33-483C-8A90-D9FC0062B1E6} = {9E380D9A-2E74-4307-8EAC-C81158C72EC4}
		{634C2B3F-0041-4E9B-A092-FAAF4ED3F0AE} = {BA413663-3D6E-45CF-B85A-B1B6E9D46FEB}
		{A291962D-58D7-454D-83D2-ABBBAA579117} = {9E380D9A-2E74-4307-8EAC-C81158C72EC4}
		{8D953CC2-FF5D-4A1E-9F6A-A7A30A24BDBE} = {54DACC41-52DB-4327-BDE8-4F13EA2FEC40}
		{AE0C7409-2ED8-4772-B13E-1A8BEB169F62} = {8D953CC2-FF5D-4A1E-9F6A-A7A30A24BDBE}
		{E913D27A-B035-46AE-BEB1-3939AB89B1BB} = {54DACC41-52DB-4327-BDE8-4F13EA2FEC40}
		{060D3F40-597A-446D-A3E9-258A3F85E0A6} = {9E380D9A-2E74-4307-8EAC-C81158C72EC4}
		{41C06E88-F50B-4147-95B5-3CD08507F580} = {54DACC41-52DB-4327-BDE8-4F13EA2FEC40}
		{A0DEDB41-A6B4-488D-BE7B-6C597BD9F4C7} = {54DACC41-52DB-4327-BDE8-4F13EA2FEC40}
		{596340A2-D245-420C-97D4-9808CDAD40B1} = {8D953CC2-FF5D-4A1E-9F6A-A7A30A24BDBE}
		{D28842D1-3DCB-4D69-BABF-E40BD094FA1E} = {54DACC41-52DB-4327-BDE8-4F13EA2FEC40}
		{CA01C13D-23DD-4FE4-B4C2-A853EA33B6E3} = {BA413663-3D6E-45CF-B85A-B1B6E9D46FEB}
		{DC13BA59-3895-4EBD-AAB3-1A1B6FA34C76} = {D28842D1-3DCB-4D69-BABF-E40BD094FA1E}
	EndGlobalSection
	GlobalSection(ExtensibilityGlobals) = postSolution
		SolutionGuid = {C4735933-C3B0-4B09-8DEB-8571553E260E}
	EndGlobalSection
EndGlobal
